// !$*UTF8*$!
{
	archiveVersion = 1;
	classes = {
	};
	objectVersion = 45;
	objects = {

/* Begin PBXBuildFile section */
		6A578A4B1176A4280085F1E7 /* sr_arp.c in Sources */ = {isa = PBXBuildFile; fileRef = 6A578A461176A4280085F1E7 /* sr_arp.c */; };
		6A578A4C1176A4280085F1E7 /* sr_ip_packet.c in Sources */ = {isa = PBXBuildFile; fileRef = 6A578A481176A4280085F1E7 /* sr_ip_packet.c */; };
		6A9533E21188A27700A61DDA /* sr_icmp_packet.c in Sources */ = {isa = PBXBuildFile; fileRef = 6A9533E11188A27700A61DDA /* sr_icmp_packet.c */; };
		6AB65B981183E5E4002225BB /* dlinklist.c in Sources */ = {isa = PBXBuildFile; fileRef = 6AB65B961183E5E4002225BB /* dlinklist.c */; };
		6ABC0C781175248B006878F8 /* utils.c in Sources */ = {isa = PBXBuildFile; fileRef = 6ABC0C771175248B006878F8 /* utils.c */; };
		6ADF452611712EB300911A71 /* sha1.c in Sources */ = {isa = PBXBuildFile; fileRef = 6ADF451711712EB300911A71 /* sha1.c */; };
		6ADF452711712EB300911A71 /* sr_dumper.c in Sources */ = {isa = PBXBuildFile; fileRef = 6ADF451911712EB300911A71 /* sr_dumper.c */; };
		6ADF452811712EB300911A71 /* sr_if.c in Sources */ = {isa = PBXBuildFile; fileRef = 6ADF451B11712EB300911A71 /* sr_if.c */; };
		6ADF452911712EB300911A71 /* sr_main.c in Sources */ = {isa = PBXBuildFile; fileRef = 6ADF451D11712EB300911A71 /* sr_main.c */; };
		6ADF452A11712EB300911A71 /* sr_router.c in Sources */ = {isa = PBXBuildFile; fileRef = 6ADF451F11712EB300911A71 /* sr_router.c */; };
		6ADF452B11712EB300911A71 /* sr_rt.c in Sources */ = {isa = PBXBuildFile; fileRef = 6ADF452111712EB300911A71 /* sr_rt.c */; };
		6ADF452C11712EB300911A71 /* sr_vns_comm.c in Sources */ = {isa = PBXBuildFile; fileRef = 6ADF452311712EB300911A71 /* sr_vns_comm.c */; };
		6AFE1CC31171399800364BC4 /* auth_key in CopyFiles */ = {isa = PBXBuildFile; fileRef = 6AFE1CBC1171397600364BC4 /* auth_key */; };
		6AFE1CC41171399800364BC4 /* rtable in CopyFiles */ = {isa = PBXBuildFile; fileRef = 6AFE1CBD1171397600364BC4 /* rtable */; };
/* End PBXBuildFile section */

/* Begin PBXCopyFilesBuildPhase section */
		8DD76FAF0486AB0100D96B5E /* CopyFiles */ = {
			isa = PBXCopyFilesBuildPhase;
			buildActionMask = 12;
			dstPath = "";
			dstSubfolderSpec = 16;
			files = (
				6AFE1CC31171399800364BC4 /* auth_key in CopyFiles */,
				6AFE1CC41171399800364BC4 /* rtable in CopyFiles */,
			);
			runOnlyForDeploymentPostprocessing = 0;
		};
/* End PBXCopyFilesBuildPhase section */

/* Begin PBXFileReference section */
		6A578A461176A4280085F1E7 /* sr_arp.c */ = {isa = PBXFileReference; fileEncoding = 4; lastKnownFileType = sourcecode.c.c; name = sr_arp.c; path = stub_sr/sr_arp.c; sourceTree = "<group>"; };
		6A578A471176A4280085F1E7 /* sr_arp.h */ = {isa = PBXFileReference; fileEncoding = 4; lastKnownFileType = sourcecode.c.h; name = sr_arp.h; path = stub_sr/sr_arp.h; sourceTree = "<group>"; };
		6A578A481176A4280085F1E7 /* sr_ip_packet.c */ = {isa = PBXFileReference; fileEncoding = 4; lastKnownFileType = sourcecode.c.c; name = sr_ip_packet.c; path = stub_sr/sr_ip_packet.c; sourceTree = "<group>"; };
		6A578A491176A4280085F1E7 /* sr_ip_packet.h */ = {isa = PBXFileReference; fileEncoding = 4; lastKnownFileType = sourcecode.c.h; name = sr_ip_packet.h; path = stub_sr/sr_ip_packet.h; sourceTree = "<group>"; };
		6A578A4A1176A4280085F1E7 /* utils.h */ = {isa = PBXFileReference; fileEncoding = 4; lastKnownFileType = sourcecode.c.h; name = utils.h; path = stub_sr/utils.h; sourceTree = "<group>"; };
		6A9533E01188A27700A61DDA /* sr_icmp_packet.h */ = {isa = PBXFileReference; fileEncoding = 4; lastKnownFileType = sourcecode.c.h; name = sr_icmp_packet.h; path = stub_sr/sr_icmp_packet.h; sourceTree = "<group>"; };
		6A9533E11188A27700A61DDA /* sr_icmp_packet.c */ = {isa = PBXFileReference; fileEncoding = 4; lastKnownFileType = sourcecode.c.c; name = sr_icmp_packet.c; path = stub_sr/sr_icmp_packet.c; sourceTree = "<group>"; };
		6AB65B961183E5E4002225BB /* dlinklist.c */ = {isa = PBXFileReference; fileEncoding = 4; lastKnownFileType = sourcecode.c.c; name = dlinklist.c; path = stub_sr/dlinklist.c; sourceTree = "<group>"; };
		6AB65B971183E5E4002225BB /* dlinklist.h */ = {isa = PBXFileReference; fileEncoding = 4; lastKnownFileType = sourcecode.c.h; name = dlinklist.h; path = stub_sr/dlinklist.h; sourceTree = "<group>"; };
		6ABC0C771175248B006878F8 /* utils.c */ = {isa = PBXFileReference; fileEncoding = 4; lastKnownFileType = sourcecode.c.c; name = utils.c; path = stub_sr/utils.c; sourceTree = "<group>"; };
		6ADF44FE11712E7100911A71 /* README */ = {isa = PBXFileReference; fileEncoding = 4; lastKnownFileType = text; path = README; sourceTree = "<group>"; };
		6ADF451711712EB300911A71 /* sha1.c */ = {isa = PBXFileReference; fileEncoding = 4; lastKnownFileType = sourcecode.c.c; name = sha1.c; path = stub_sr/sha1.c; sourceTree = "<group>"; };
		6ADF451811712EB300911A71 /* sha1.h */ = {isa = PBXFileReference; fileEncoding = 4; lastKnownFileType = sourcecode.c.h; name = sha1.h; path = stub_sr/sha1.h; sourceTree = "<group>"; };
		6ADF451911712EB300911A71 /* sr_dumper.c */ = {isa = PBXFileReference; fileEncoding = 4; lastKnownFileType = sourcecode.c.c; name = sr_dumper.c; path = stub_sr/sr_dumper.c; sourceTree = "<group>"; };
		6ADF451A11712EB300911A71 /* sr_dumper.h */ = {isa = PBXFileReference; fileEncoding = 4; lastKnownFileType = sourcecode.c.h; name = sr_dumper.h; path = stub_sr/sr_dumper.h; sourceTree = "<group>"; };
		6ADF451B11712EB300911A71 /* sr_if.c */ = {isa = PBXFileReference; fileEncoding = 4; lastKnownFileType = sourcecode.c.c; name = sr_if.c; path = stub_sr/sr_if.c; sourceTree = "<group>"; };
		6ADF451C11712EB300911A71 /* sr_if.h */ = {isa = PBXFileReference; fileEncoding = 4; lastKnownFileType = sourcecode.c.h; name = sr_if.h; path = stub_sr/sr_if.h; sourceTree = "<group>"; };
		6ADF451D11712EB300911A71 /* sr_main.c */ = {isa = PBXFileReference; fileEncoding = 4; lastKnownFileType = sourcecode.c.c; name = sr_main.c; path = stub_sr/sr_main.c; sourceTree = "<group>"; };
		6ADF451E11712EB300911A71 /* sr_protocol.h */ = {isa = PBXFileReference; fileEncoding = 4; lastKnownFileType = sourcecode.c.h; name = sr_protocol.h; path = stub_sr/sr_protocol.h; sourceTree = "<group>"; };
		6ADF451F11712EB300911A71 /* sr_router.c */ = {isa = PBXFileReference; fileEncoding = 4; lastKnownFileType = sourcecode.c.c; name = sr_router.c; path = stub_sr/sr_router.c; sourceTree = "<group>"; };
		6ADF452011712EB300911A71 /* sr_router.h */ = {isa = PBXFileReference; fileEncoding = 4; lastKnownFileType = sourcecode.c.h; name = sr_router.h; path = stub_sr/sr_router.h; sourceTree = "<group>"; };
		6ADF452111712EB300911A71 /* sr_rt.c */ = {isa = PBXFileReference; fileEncoding = 4; lastKnownFileType = sourcecode.c.c; name = sr_rt.c; path = stub_sr/sr_rt.c; sourceTree = "<group>"; };
		6ADF452211712EB300911A71 /* sr_rt.h */ = {isa = PBXFileReference; fileEncoding = 4; lastKnownFileType = sourcecode.c.h; name = sr_rt.h; path = stub_sr/sr_rt.h; sourceTree = "<group>"; };
		6ADF452311712EB300911A71 /* sr_vns_comm.c */ = {isa = PBXFileReference; fileEncoding = 4; lastKnownFileType = sourcecode.c.c; name = sr_vns_comm.c; path = stub_sr/sr_vns_comm.c; sourceTree = "<group>"; };
		6ADF452411712EB300911A71 /* vnscommand.h */ = {isa = PBXFileReference; fileEncoding = 4; lastKnownFileType = sourcecode.c.h; name = vnscommand.h; path = stub_sr/vnscommand.h; sourceTree = "<group>"; };
		6AFE1CBC1171397600364BC4 /* auth_key */ = {isa = PBXFileReference; fileEncoding = 4; lastKnownFileType = text; name = auth_key; path = stub_sr/auth_key; sourceTree = "<group>"; };
		6AFE1CBD1171397600364BC4 /* rtable */ = {isa = PBXFileReference; fileEncoding = 4; lastKnownFileType = text; name = rtable; path = stub_sr/rtable; sourceTree = "<group>"; };
		8DD76FB20486AB0100D96B5E /* Router */ = {isa = PBXFileReference; explicitFileType = "compiled.mach-o.executable"; includeInIndex = 0; path = Router; sourceTree = BUILT_PRODUCTS_DIR; };
/* End PBXFileReference section */

/* Begin PBXFrameworksBuildPhase section */
		8DD76FAD0486AB0100D96B5E /* Frameworks */ = {
			isa = PBXFrameworksBuildPhase;
			buildActionMask = 2147483647;
			files = (
			);
			runOnlyForDeploymentPostprocessing = 0;
		};
/* End PBXFrameworksBuildPhase section */

/* Begin PBXGroup section */
		08FB7794FE84155DC02AAC07 /* Router */ = {
			isa = PBXGroup;
			children = (
				08FB7795FE84155DC02AAC07 /* Source */,
				C6A0FF2B0290797F04C91782 /* Documentation */,
				6ADF455E117136BB00911A71 /* Resources */,
				1AB674ADFE9D54B511CA2CBB /* Products */,
			);
			name = Router;
			sourceTree = "<group>";
		};
		08FB7795FE84155DC02AAC07 /* Source */ = {
			isa = PBXGroup;
			children = (
				6ADF451D11712EB300911A71 /* sr_main.c */,
				6A578A511176A5210085F1E7 /* Router */,
				6A578A4D1176A4360085F1E7 /* Packets */,
				6A578A4E1176A4420085F1E7 /* Miscellaneous */,
			);
			name = Source;
			sourceTree = "<group>";
		};
		1AB674ADFE9D54B511CA2CBB /* Products */ = {
			isa = PBXGroup;
			children = (
				8DD76FB20486AB0100D96B5E /* Router */,
			);
			name = Products;
			sourceTree = "<group>";
		};
		6A578A4D1176A4360085F1E7 /* Packets */ = {
			isa = PBXGroup;
			children = (
				6A578A471176A4280085F1E7 /* sr_arp.h */,
				6A578A461176A4280085F1E7 /* sr_arp.c */,
				6A578A491176A4280085F1E7 /* sr_ip_packet.h */,
				6A578A481176A4280085F1E7 /* sr_ip_packet.c */,
				6A9533E01188A27700A61DDA /* sr_icmp_packet.h */,
				6A9533E11188A27700A61DDA /* sr_icmp_packet.c */,
			);
			name = Packets;
			sourceTree = "<group>";
		};
		6A578A4E1176A4420085F1E7 /* Miscellaneous */ = {
			isa = PBXGroup;
			children = (
				6A578A4F1176A47F0085F1E7 /* Ours */,
				6A578A501176A48B0085F1E7 /* Theirs */,
			);
			name = Miscellaneous;
			sourceTree = "<group>";
		};
		6A578A4F1176A47F0085F1E7 /* Ours */ = {
			isa = PBXGroup;
			children = (
				6AB65B971183E5E4002225BB /* dlinklist.h */,
				6AB65B961183E5E4002225BB /* dlinklist.c */,
				6A578A4A1176A4280085F1E7 /* utils.h */,
				6ABC0C771175248B006878F8 /* utils.c */,
			);
			name = Ours;
			sourceTree = "<group>";
		};
		6A578A501176A48B0085F1E7 /* Theirs */ = {
			isa = PBXGroup;
			children = (
				6ADF451811712EB300911A71 /* sha1.h */,
				6ADF451711712EB300911A71 /* sha1.c */,
				6ADF451A11712EB300911A71 /* sr_dumper.h */,
				6ADF451911712EB300911A71 /* sr_dumper.c */,
			);
			name = Theirs;
			sourceTree = "<group>";
		};
		6A578A511176A5210085F1E7 /* Router */ = {
			isa = PBXGroup;
			children = (
				6ADF451E11712EB300911A71 /* sr_protocol.h */,
				6ADF451C11712EB300911A71 /* sr_if.h */,
				6ADF451B11712EB300911A71 /* sr_if.c */,
				6ADF452011712EB300911A71 /* sr_router.h */,
				6ADF451F11712EB300911A71 /* sr_router.c */,
				6ADF452411712EB300911A71 /* vnscommand.h */,
				6ADF452311712EB300911A71 /* sr_vns_comm.c */,
				6ADF452211712EB300911A71 /* sr_rt.h */,
				6ADF452111712EB300911A71 /* sr_rt.c */,
			);
			name = Router;
			sourceTree = "<group>";
		};
		6ADF455E117136BB00911A71 /* Resources */ = {
			isa = PBXGroup;
			children = (
				6AFE1CBE1171397B00364BC4 /* stub_sr */,
			);
			name = Resources;
			sourceTree = "<group>";
		};
		6AFE1CBE1171397B00364BC4 /* stub_sr */ = {
			isa = PBXGroup;
			children = (
				6AFE1CBC1171397600364BC4 /* auth_key */,
				6AFE1CBD1171397600364BC4 /* rtable */,
			);
			name = stub_sr;
			sourceTree = "<group>";
		};
		C6A0FF2B0290797F04C91782 /* Documentation */ = {
			isa = PBXGroup;
			children = (
				6ADF44FE11712E7100911A71 /* README */,
			);
			name = Documentation;
			sourceTree = "<group>";
		};
/* End PBXGroup section */

/* Begin PBXNativeTarget section */
		8DD76FA90486AB0100D96B5E /* Router */ = {
			isa = PBXNativeTarget;
			buildConfigurationList = 1DEB928508733DD80010E9CD /* Build configuration list for PBXNativeTarget "Router" */;
			buildPhases = (
				8DD76FAB0486AB0100D96B5E /* Sources */,
				8DD76FAD0486AB0100D96B5E /* Frameworks */,
				8DD76FAF0486AB0100D96B5E /* CopyFiles */,
			);
			buildRules = (
			);
			dependencies = (
			);
			name = Router;
			productInstallPath = "$(HOME)/bin";
			productName = Router;
			productReference = 8DD76FB20486AB0100D96B5E /* Router */;
			productType = "com.apple.product-type.tool";
		};
/* End PBXNativeTarget section */

/* Begin PBXProject section */
		08FB7793FE84155DC02AAC07 /* Project object */ = {
			isa = PBXProject;
			buildConfigurationList = 1DEB928908733DD80010E9CD /* Build configuration list for PBXProject "Router" */;
			compatibilityVersion = "Xcode 3.1";
			hasScannedForEncodings = 1;
			mainGroup = 08FB7794FE84155DC02AAC07 /* Router */;
			projectDirPath = "";
			projectRoot = "";
			targets = (
				8DD76FA90486AB0100D96B5E /* Router */,
			);
		};
/* End PBXProject section */

/* Begin PBXSourcesBuildPhase section */
		8DD76FAB0486AB0100D96B5E /* Sources */ = {
			isa = PBXSourcesBuildPhase;
			buildActionMask = 2147483647;
			files = (
				6ADF452611712EB300911A71 /* sha1.c in Sources */,
				6ADF452711712EB300911A71 /* sr_dumper.c in Sources */,
				6ADF452811712EB300911A71 /* sr_if.c in Sources */,
				6ADF452911712EB300911A71 /* sr_main.c in Sources */,
				6ADF452A11712EB300911A71 /* sr_router.c in Sources */,
				6ADF452B11712EB300911A71 /* sr_rt.c in Sources */,
				6ADF452C11712EB300911A71 /* sr_vns_comm.c in Sources */,
				6ABC0C781175248B006878F8 /* utils.c in Sources */,
				6A578A4B1176A4280085F1E7 /* sr_arp.c in Sources */,
				6A578A4C1176A4280085F1E7 /* sr_ip_packet.c in Sources */,
				6AB65B981183E5E4002225BB /* dlinklist.c in Sources */,
				6A9533E21188A27700A61DDA /* sr_icmp_packet.c in Sources */,
			);
			runOnlyForDeploymentPostprocessing = 0;
		};
/* End PBXSourcesBuildPhase section */

/* Begin XCBuildConfiguration section */
		1DEB928608733DD80010E9CD /* Debug */ = {
			isa = XCBuildConfiguration;
			buildSettings = {
				ALWAYS_SEARCH_USER_PATHS = NO;
				COPY_PHASE_STRIP = NO;
				GCC_DYNAMIC_NO_PIC = NO;
				GCC_ENABLE_FIX_AND_CONTINUE = YES;
				GCC_MODEL_TUNING = G5;
				GCC_OPTIMIZATION_LEVEL = 0;
				INSTALL_PATH = /usr/local/bin;
				PRODUCT_NAME = Router;
			};
			name = Debug;
		};
		1DEB928708733DD80010E9CD /* Release */ = {
			isa = XCBuildConfiguration;
			buildSettings = {
				ALWAYS_SEARCH_USER_PATHS = NO;
				DEBUG_INFORMATION_FORMAT = "dwarf-with-dsym";
				GCC_MODEL_TUNING = G5;
				INSTALL_PATH = /usr/local/bin;
				PRODUCT_NAME = Router;
			};
			name = Release;
		};
		1DEB928A08733DD80010E9CD /* Debug */ = {
			isa = XCBuildConfiguration;
			buildSettings = {
				ARCHS = "$(NATIVE_ARCH_ACTUAL)";
				GCC_C_LANGUAGE_STANDARD = gnu99;
				GCC_OPTIMIZATION_LEVEL = 0;
				GCC_PREPROCESSOR_DEFINITIONS = (
					_DEBUG_,
					_DARWIN_,
				);
				GCC_WARN_ABOUT_MISSING_FIELD_INITIALIZERS = YES;
				GCC_WARN_ABOUT_MISSING_NEWLINE = YES;
				GCC_WARN_ABOUT_MISSING_PROTOTYPES = NO;
				GCC_WARN_ABOUT_RETURN_TYPE = YES;
				GCC_WARN_CHECK_SWITCH_STATEMENTS = YES;
				GCC_WARN_MISSING_PARENTHESES = YES;
				GCC_WARN_PEDANTIC = NO;
				GCC_WARN_SIGN_COMPARE = YES;
				GCC_WARN_UNUSED_VARIABLE = YES;
				ONLY_ACTIVE_ARCH = YES;
				PREBINDING = NO;
				SDKROOT = macosx10.6;
			};
			name = Debug;
		};
		1DEB928B08733DD80010E9CD /* Release */ = {
			isa = XCBuildConfiguration;
			buildSettings = {
				ARCHS = "$(ARCHS_STANDARD_32_64_BIT)";
				GCC_C_LANGUAGE_STANDARD = gnu99;
				GCC_PREPROCESSOR_DEFINITIONS = _DARWIN_;
				GCC_VERSION = "";
				GCC_WARN_ABOUT_RETURN_TYPE = YES;
				GCC_WARN_UNUSED_VARIABLE = YES;
				PREBINDING = NO;
				SDKROOT = macosx10.6;
			};
			name = Release;
		};
		6A9533C41188A03B00A61DDA /* Debug (No ARP Cache Timeout) */ = {
			isa = XCBuildConfiguration;
			buildSettings = {
				ARCHS = "$(NATIVE_ARCH_ACTUAL)";
				GCC_C_LANGUAGE_STANDARD = gnu99;
				GCC_OPTIMIZATION_LEVEL = 0;
				GCC_PREPROCESSOR_DEFINITIONS = (
					_DEBUG_,
					_DARWIN_,
					_DISABLE_ARP_EXPIRATION_,
				);
				GCC_VERSION = "";
				GCC_WARN_ABOUT_MISSING_FIELD_INITIALIZERS = YES;
				GCC_WARN_ABOUT_MISSING_NEWLINE = YES;
				GCC_WARN_ABOUT_MISSING_PROTOTYPES = NO;
				GCC_WARN_ABOUT_RETURN_TYPE = YES;
				GCC_WARN_CHECK_SWITCH_STATEMENTS = YES;
				GCC_WARN_MISSING_PARENTHESES = YES;
				GCC_WARN_PEDANTIC = NO;
				GCC_WARN_SIGN_COMPARE = YES;
				GCC_WARN_UNUSED_VARIABLE = YES;
				ONLY_ACTIVE_ARCH = YES;
				PREBINDING = NO;
				SDKROOT = macosx10.6;
			};
			name = "Debug (No ARP Cache Timeout)";
		};
		6A9533C51188A03B00A61DDA /* Debug (No ARP Cache Timeout) */ = {
			isa = XCBuildConfiguration;
			buildSettings = {
				ALWAYS_SEARCH_USER_PATHS = NO;
				COPY_PHASE_STRIP = NO;
				GCC_DYNAMIC_NO_PIC = NO;
				GCC_MODEL_TUNING = G5;
				GCC_OPTIMIZATION_LEVEL = 0;
				INSTALL_PATH = /usr/local/bin;
				PRODUCT_NAME = Router;
			};
			name = "Debug (No ARP Cache Timeout)";
		};
/* End XCBuildConfiguration section */

/* Begin XCConfigurationList section */
		1DEB928508733DD80010E9CD /* Build configuration list for PBXNativeTarget "Router" */ = {
			isa = XCConfigurationList;
			buildConfigurations = (
				1DEB928608733DD80010E9CD /* Debug */,
				6A9533C51188A03B00A61DDA /* Debug (No ARP Cache Timeout) */,
				1DEB928708733DD80010E9CD /* Release */,
			);
			defaultConfigurationIsVisible = 0;
			defaultConfigurationName = Release;
		};
		1DEB928908733DD80010E9CD /* Build configuration list for PBXProject "Router" */ = {
			isa = XCConfigurationList;
			buildConfigurations = (
				1DEB928A08733DD80010E9CD /* Debug */,
				6A9533C41188A03B00A61DDA /* Debug (No ARP Cache Timeout) */,
				1DEB928B08733DD80010E9CD /* Release */,
			);
			defaultConfigurationIsVisible = 0;
			defaultConfigurationName = Release;
		};
/* End XCConfigurationList section */
	};
	rootObject = 08FB7793FE84155DC02AAC07 /* Project object */;
}
